
Microsoft Visual Studio Solution File, Format Version 12.00
# Visual Studio Version 16
VisualStudioVersion = 16.0.30204.135
MinimumVisualStudioVersion = 10.0.40219.1
Project("{FAE04EC0-301F-11D3-BF4B-00C04F79EFBC}") = "XAdmin.Model", "XAdmin.Model\XAdmin.Model.csproj", "{F52324D9-6D57-4285-BD47-512731A9F802}"
EndProject
Project("{FAE04EC0-301F-11D3-BF4B-00C04F79EFBC}") = "XAdmin.API", "XAdmin.API\XAdmin.API.csproj", "{35AB36A5-EF79-4B91-B967-6799147A11B1}"
EndProject
Project("{FAE04EC0-301F-11D3-BF4B-00C04F79EFBC}") = "XAdmin.Common", "XAdmin.Common\XAdmin.Common.csproj", "{48B643B1-80E2-4224-BA35-BBD3AF8F8919}"
EndProject
Global
	GlobalSection(SolutionConfigurationPlatforms) = preSolution
		Debug|Any CPU = Debug|Any CPU
		Release|Any CPU = Release|Any CPU
	EndGlobalSection
	GlobalSection(ProjectConfigurationPlatforms) = postSolution
		{F52324D9-6D57-4285-BD47-512731A9F802}.Debug|Any CPU.ActiveCfg = Debug|Any CPU
		{F52324D9-6D57-4285-BD47-512731A9F802}.Debug|Any CPU.Build.0 = Debug|Any CPU
		{F52324D9-6D57-4285-BD47-512731A9F802}.Release|Any CPU.ActiveCfg = Release|Any CPU
		{F52324D9-6D57-4285-BD47-512731A9F802}.Release|Any CPU.Build.0 = Release|Any CPU
		{35AB36A5-EF79-4B91-B967-6799147A11B1}.Debug|Any CPU.ActiveCfg = Debug|Any CPU
		{35AB36A5-EF79-4B91-B967-6799147A11B1}.Debug|Any CPU.Build.0 = Debug|Any CPU
		{35AB36A5-EF79-4B91-B967-6799147A11B1}.Release|Any CPU.ActiveCfg = Release|Any CPU
		{35AB36A5-EF79-4B91-B967-6799147A11B1}.Release|Any CPU.Build.0 = Release|Any CPU
		{48B643B1-80E2-4224-BA35-BBD3AF8F8919}.Debug|Any CPU.ActiveCfg = Debug|Any CPU
		{48B643B1-80E2-4224-BA35-BBD3AF8F8919}.Debug|Any CPU.Build.0 = Debug|Any CPU
		{48B643B1-80E2-4224-BA35-BBD3AF8F8919}.Release|Any CPU.ActiveCfg = Release|Any CPU
		{48B643B1-80E2-4224-BA35-BBD3AF8F8919}.Release|Any CPU.Build.0 = Release|Any CPU
	EndGlobalSection
	GlobalSection(SolutionProperties) = preSolution
		HideSolutionNode = FALSE
	EndGlobalSection
	GlobalSection(ExtensibilityGlobals) = postSolution
		SolutionGuid = {D489A5D7-435E-4C81-9DC2-08A546EB7C35}
	EndGlobalSection
EndGlobal
